{
  "schema_version": 2,
  "repository": "https://github.com/rceman/gpt-review-planner",
  "version": "db3942a03a6a8fbbd98203b3daff81cf9a9f687d",
  "commit": "db3942a03a6a8fbbd98203b3daff81cf9a9f687d",
  "document": "GPT_REVIEW_PLANNER.md",
  "execution_mode": "gpt_tunnel_managed",
  "installed_at": "2026-08-04T16:25:25Z"
}
