{
  "schema_version": 2,
  "repository": "https://github.com/rceman/gpt-review-planner",
  "version": "74059a423d7dd280bd536b91a177bdb12823c879",
  "commit": "74059a423d7dd280bd536b91a177bdb12823c879",
  "document": "GPT_REVIEW_PLANNER.md",
  "execution_mode": "gpt_tunnel_managed",
  "installed_at": "2026-08-05T12:25:55Z"
}
